// !$*UTF8*$!
{
	archiveVersion = 1;
	classes = {
	};
	objectVersion = 50;
	objects = {

/* Begin PBXBuildFile section */
		202CED96237D6C9E0084DC7D /* AppDelegate.swift in Sources */ = {isa = PBXBuildFile; fileRef = 202CED95237D6C9E0084DC7D /* AppDelegate.swift */; };
		202CED98237D6C9E0084DC7D /* SceneDelegate.swift in Sources */ = {isa = PBXBuildFile; fileRef = 202CED97237D6C9E0084DC7D /* SceneDelegate.swift */; };
		202CED9A237D6C9E0084DC7D /* ViewController.swift in Sources */ = {isa = PBXBuildFile; fileRef = 202CED99237D6C9E0084DC7D /* ViewController.swift */; };
		202CED9D237D6C9E0084DC7D /* Main.storyboard in Resources */ = {isa = PBXBuildFile; fileRef = 202CED9B237D6C9E0084DC7D /* Main.storyboard */; };
		202CED9F237D6CA00084DC7D /* Assets.xcassets in Resources */ = {isa = PBXBuildFile; fileRef = 202CED9E237D6CA00084DC7D /* Assets.xcassets */; };
		202CEDA2237D6CA00084DC7D /* LaunchScreen.storyboard in Resources */ = {isa = PBXBuildFile; fileRef = 202CEDA0237D6CA00084DC7D /* LaunchScreen.storyboard */; };
		43AFE115884941F3B39F9457 /* Pods_ActivityRecognitionDemo.framework in Frameworks */ = {isa = PBXBuildFile; fileRef = 8DBEA7CE470D4612EC5C0CCD /* Pods_ActivityRecognitionDemo.framework */; };
/* End PBXBuildFile section */

/* Begin PBXFileReference section */
		202CED92237D6C9E0084DC7D /* ActivityRecognitionDemo.app */ = {isa = PBXFileReference; explicitFileType = wrapper.application; includeInIndex = 0; path = ActivityRecognitionDemo.app; sourceTree = BUILT_PRODUCTS_DIR; };
		202CED95237D6C9E0084DC7D /* AppDelegate.swift */ = {isa = PBXFileReference; lastKnownFileType = sourcecode.swift; path = AppDelegate.swift; sourceTree = "<group>"; };
		202CED97237D6C9E0084DC7D /* SceneDelegate.swift */ = {isa = PBXFileReference; lastKnownFileType = sourcecode.swift; path = SceneDelegate.swift; sourceTree = "<group>"; };
		202CED99237D6C9E0084DC7D /* ViewController.swift */ = {isa = PBXFileReference; lastKnownFileType = sourcecode.swift; path = ViewController.swift; sourceTree = "<group>"; };
		202CED9C237D6C9E0084DC7D /* Base */ = {isa = PBXFileReference; lastKnownFileType = file.storyboard; name = Base; path = Base.lproj/Main.storyboard; sourceTree = "<group>"; };
		202CED9E237D6CA00084DC7D /* Assets.xcassets */ = {isa = PBXFileReference; lastKnownFileType = folder.assetcatalog; path = Assets.xcassets; sourceTree = "<group>"; };
		202CEDA1237D6CA00084DC7D /* Base */ = {isa = PBXFileReference; lastKnownFileType = file.storyboard; name = Base; path = Base.lproj/LaunchScreen.storyboard; sourceTree = "<group>"; };
		202CEDA3237D6CA00084DC7D /* Info.plist */ = {isa = PBXFileReference; lastKnownFileType = text.plist.xml; path = Info.plist; sourceTree = "<group>"; };
		238B9732E865486240470C4A /* Pods-ActivityRecognitionDemo.release.xcconfig */ = {isa = PBXFileReference; includeInIndex = 1; lastKnownFileType = text.xcconfig; name = "Pods-ActivityRecognitionDemo.release.xcconfig"; path = "Target Support Files/Pods-ActivityRecognitionDemo/Pods-ActivityRecognitionDemo.release.xcconfig"; sourceTree = "<group>"; };
		8DBEA7CE470D4612EC5C0CCD /* Pods_ActivityRecognitionDemo.framework */ = {isa = PBXFileReference; explicitFileType = wrapper.framework; includeInIndex = 0; path = Pods_ActivityRecognitionDemo.framework; sourceTree = BUILT_PRODUCTS_DIR; };
		BC46F8AD997640DE873B0B9C /* Pods-ActivityRecognitionDemo.debug.xcconfig */ = {isa = PBXFileReference; includeInIndex = 1; lastKnownFileType = text.xcconfig; name = "Pods-ActivityRecognitionDemo.debug.xcconfig"; path = "Target Support Files/Pods-ActivityRecognitionDemo/Pods-ActivityRecognitionDemo.debug.xcconfig"; sourceTree = "<group>"; };
/* End PBXFileReference section */

/* Begin PBXFrameworksBuildPhase section */
		202CED8F237D6C9E0084DC7D /* Frameworks */ = {
			isa = PBXFrameworksBuildPhase;
			buildActionMask = 2147483647;
			files = (
				43AFE115884941F3B39F9457 /* Pods_ActivityRecognitionDemo.framework in Frameworks */,
			);
			runOnlyForDeploymentPostprocessing = 0;
		};
/* End PBXFrameworksBuildPhase section */

/* Begin PBXGroup section */
		202CED89237D6C9E0084DC7D = {
			isa = PBXGroup;
			children = (
				202CED94237D6C9E0084DC7D /* ActivityRecognitionDemo */,
				202CED93237D6C9E0084DC7D /* Products */,
				7A7285570D691DA6B14706D7 /* Pods */,
				C2A5D4A27DC603DBC3616549 /* Frameworks */,
			);
			sourceTree = "<group>";
		};
		202CED93237D6C9E0084DC7D /* Products */ = {
			isa = PBXGroup;
			children = (
				202CED92237D6C9E0084DC7D /* ActivityRecognitionDemo.app */,
			);
			name = Products;
			sourceTree = "<group>";
		};
		202CED94237D6C9E0084DC7D /* ActivityRecognitionDemo */ = {
			isa = PBXGroup;
			children = (
				202CED95237D6C9E0084DC7D /* AppDelegate.swift */,
				202CED97237D6C9E0084DC7D /* SceneDelegate.swift */,
				202CED99237D6C9E0084DC7D /* ViewController.swift */,
				202CED9B237D6C9E0084DC7D /* Main.storyboard */,
				202CED9E237D6CA00084DC7D /* Assets.xcassets */,
				202CEDA0237D6CA00084DC7D /* LaunchScreen.storyboard */,
				202CEDA3237D6CA00084DC7D /* Info.plist */,
			);
			path = ActivityRecognitionDemo;
			sourceTree = "<group>";
		};
		7A7285570D691DA6B14706D7 /* Pods */ = {
			isa = PBXGroup;
			children = (
				BC46F8AD997640DE873B0B9C /* Pods-ActivityRecognitionDemo.debug.xcconfig */,
				238B9732E865486240470C4A /* Pods-ActivityRecognitionDemo.release.xcconfig */,
			);
			name = Pods;
			path = Pods;
			sourceTree = "<group>";
		};
		C2A5D4A27DC603DBC3616549 /* Frameworks */ = {
			isa = PBXGroup;
			children = (
				8DBEA7CE470D4612EC5C0CCD /* Pods_ActivityRecognitionDemo.framework */,
			);
			name = Frameworks;
			sourceTree = "<group>";
		};
/* End PBXGroup section */

/* Begin PBXNativeTarget section */
		202CED91237D6C9E0084DC7D /* ActivityRecognitionDemo */ = {
			isa = PBXNativeTarget;
			buildConfigurationList = 202CEDA6237D6CA00084DC7D /* Build configuration list for PBXNativeTarget "ActivityRecognitionDemo" */;
			buildPhases = (
				D0ACFBA7A30C8C395EDB8834 /* [CP] Check Pods Manifest.lock */,
				202CED8E237D6C9E0084DC7D /* Sources */,
				202CED8F237D6C9E0084DC7D /* Frameworks */,
				202CED90237D6C9E0084DC7D /* Resources */,
				980363E1E8DF6DEBB86DFDC0 /* [CP] Embed Pods Frameworks */,
			);
			buildRules = (
			);
			dependencies = (
			);
			name = ActivityRecognitionDemo;
			productName = ActivityRecognitionDemo;
			productReference = 202CED92237D6C9E0084DC7D /* ActivityRecognitionDemo.app */;
			productType = "com.apple.product-type.application";
		};
/* End PBXNativeTarget section */

/* Begin PBXProject section */
		202CED8A237D6C9E0084DC7D /* Project object */ = {
			isa = PBXProject;
			attributes = {
				LastSwiftUpdateCheck = 1110;
				LastUpgradeCheck = 1110;
				ORGANIZATIONNAME = "Emil Nielsen";
				TargetAttributes = {
					202CED91237D6C9E0084DC7D = {
						CreatedOnToolsVersion = 11.1;
					};
				};
			};
			buildConfigurationList = 202CED8D237D6C9E0084DC7D /* Build configuration list for PBXProject "ActivityRecognitionDemo" */;
			compatibilityVersion = "Xcode 9.3";
			developmentRegion = en;
			hasScannedForEncodings = 0;
			knownRegions = (
				en,
				Base,
			);
			mainGroup = 202CED89237D6C9E0084DC7D;
			productRefGroup = 202CED93237D6C9E0084DC7D /* Products */;
			projectDirPath = "";
			projectRoot = "";
			targets = (
				202CED91237D6C9E0084DC7D /* ActivityRecognitionDemo */,
			);
		};
/* End PBXProject section */

/* Begin PBXResourcesBuildPhase section */
		202CED90237D6C9E0084DC7D /* Resources */ = {
			isa = PBXResourcesBuildPhase;
			buildActionMask = 2147483647;
			files = (
				202CEDA2237D6CA00084DC7D /* LaunchScreen.storyboard in Resources */,
				202CED9F237D6CA00084DC7D /* Assets.xcassets in Resources */,
				202CED9D237D6C9E0084DC7D /* Main.storyboard in Resources */,
			);
			runOnlyForDeploymentPostprocessing = 0;
		};
/* End PBXResourcesBuildPhase section */

/* Begin PBXShellScriptBuildPhase section */
		980363E1E8DF6DEBB86DFDC0 /* [CP] Embed Pods Frameworks */ = {
			isa = PBXShellScriptBuildPhase;
			buildActionMask = 2147483647;
			files = (
			);
			inputFileListPaths = (
				"${PODS_ROOT}/Target Support Files/Pods-ActivityRecognitionDemo/Pods-ActivityRecognitionDemo-frameworks-${CONFIGURATION}-input-files.xcfilelist",
			);
			name = "[CP] Embed Pods Frameworks";
			outputFileListPaths = (
				"${PODS_ROOT}/Target Support Files/Pods-ActivityRecognitionDemo/Pods-ActivityRecognitionDemo-frameworks-${CONFIGURATION}-output-files.xcfilelist",
			);
			runOnlyForDeploymentPostprocessing = 0;
			shellPath = /bin/sh;
			shellScript = "\"${PODS_ROOT}/Target Support Files/Pods-ActivityRecognitionDemo/Pods-ActivityRecognitionDemo-frameworks.sh\"\n";
			showEnvVarsInLog = 0;
		};
		D0ACFBA7A30C8C395EDB8834 /* [CP] Check Pods Manifest.lock */ = {
			isa = PBXShellScriptBuildPhase;
			buildActionMask = 2147483647;
			files = (
			);
			inputFileListPaths = (
			);
			inputPaths = (
				"${PODS_PODFILE_DIR_PATH}/Podfile.lock",
				"${PODS_ROOT}/Manifest.lock",
			);
			name = "[CP] Check Pods Manifest.lock";
			outputFileListPaths = (
			);
			outputPaths = (
				"$(DERIVED_FILE_DIR)/Pods-ActivityRecognitionDemo-checkManifestLockResult.txt",
			);
			runOnlyForDeploymentPostprocessing = 0;
			shellPath = /bin/sh;
			shellScript = "diff \"${PODS_PODFILE_DIR_PATH}/Podfile.lock\" \"${PODS_ROOT}/Manifest.lock\" > /dev/null\nif [ $? != 0 ] ; then\n    # print error to STDERR\n    echo \"error: The sandbox is not in sync with the Podfile.lock. Run 'pod install' or update your CocoaPods installation.\" >&2\n    exit 1\nfi\n# This output is used by Xcode 'outputs' to avoid re-running this script phase.\necho \"SUCCESS\" > \"${SCRIPT_OUTPUT_FILE_0}\"\n";
			showEnvVarsInLog = 0;
		};
/* End PBXShellScriptBuildPhase section */

/* Begin PBXSourcesBuildPhase section */
		202CED8E237D6C9E0084DC7D /* Sources */ = {
			isa = PBXSourcesBuildPhase;
			buildActionMask = 2147483647;
			files = (
				202CED9A237D6C9E0084DC7D /* ViewController.swift in Sources */,
				202CED96237D6C9E0084DC7D /* AppDelegate.swift in Sources */,
				202CED98237D6C9E0084DC7D /* SceneDelegate.swift in Sources */,
			);
			runOnlyForDeploymentPostprocessing = 0;
		};
/* End PBXSourcesBuildPhase section */

/* Begin PBXVariantGroup section */
		202CED9B237D6C9E0084DC7D /* Main.storyboard */ = {
			isa = PBXVariantGroup;
			children = (
				202CED9C237D6C9E0084DC7D /* Base */,
			);
			name = Main.storyboard;
			sourceTree = "<group>";
		};
		202CEDA0237D6CA00084DC7D /* LaunchScreen.storyboard */ = {
			isa = PBXVariantGroup;
			children = (
				202CEDA1237D6CA00084DC7D /* Base */,
			);
			name = LaunchScreen.storyboard;
			sourceTree = "<group>";
		};
/* End PBXVariantGroup section */

/* Begin XCBuildConfiguration section */
		202CEDA4237D6CA00084DC7D /* Debug */ = {
			isa = XCBuildConfiguration;
			buildSettings = {
				ALWAYS_SEARCH_USER_PATHS = NO;
				CLANG_ANALYZER_NONNULL = YES;
				CLANG_ANALYZER_NUMBER_OBJECT_CONVERSION = YES_AGGRESSIVE;
				CLANG_CXX_LANGUAGE_STANDARD = "gnu++14";
				CLANG_CXX_LIBRARY = "libc++";
				CLANG_ENABLE_MODULES = YES;
				CLANG_ENABLE_OBJC_ARC = YES;
				CLANG_ENABLE_OBJC_WEAK = YES;
				CLANG_WARN_BLOCK_CAPTURE_AUTORELEASING = YES;
				CLANG_WARN_BOOL_CONVERSION = YES;
				CLANG_WARN_COMMA = YES;
				CLANG_WARN_CONSTANT_CONVERSION = YES;
				CLANG_WARN_DEPRECATED_OBJC_IMPLEMENTATIONS = YES;
				CLANG_WARN_DIRECT_OBJC_ISA_USAGE = YES_ERROR;
				CLANG_WARN_DOCUMENTATION_COMMENTS = YES;
				CLANG_WARN_EMPTY_BODY = YES;
				CLANG_WARN_ENUM_CONVERSION = YES;
				CLANG_WARN_INFINITE_RECURSION = YES;
				CLANG_WARN_INT_CONVERSION = YES;
				CLANG_WARN_NON_LITERAL_NULL_CONVERSION = YES;
				CLANG_WARN_OBJC_IMPLICIT_RETAIN_SELF = YES;
				CLANG_WARN_OBJC_LITERAL_CONVERSION = YES;
				CLANG_WARN_OBJC_ROOT_CLASS = YES_ERROR;
				CLANG_WARN_RANGE_LOOP_ANALYSIS = YES;
				CLANG_WARN_STRICT_PROTOTYPES = YES;
				CLANG_WARN_SUSPICIOUS_MOVE = YES;
				CLANG_WARN_UNGUARDED_AVAILABILITY = YES_AGGRESSIVE;
				CLANG_WARN_UNREACHABLE_CODE = YES;
				CLANG_WARN__DUPLICATE_METHOD_MATCH = YES;
				COPY_PHASE_STRIP = NO;
				DEBUG_INFORMATION_FORMAT = dwarf;
				ENABLE_STRICT_OBJC_MSGSEND = YES;
				ENABLE_TESTABILITY = YES;
				GCC_C_LANGUAGE_STANDARD = gnu11;
				GCC_DYNAMIC_NO_PIC = NO;
				GCC_NO_COMMON_BLOCKS = YES;
				GCC_OPTIMIZATION_LEVEL = 0;
				GCC_PREPROCESSOR_DEFINITIONS = (
					"DEBUG=1",
					"$(inherited)",
				);
				GCC_WARN_64_TO_32_BIT_CONVERSION = YES;
				GCC_WARN_ABOUT_RETURN_TYPE = YES_ERROR;
				GCC_WARN_UNDECLARED_SELECTOR = YES;
				GCC_WARN_UNINITIALIZED_AUTOS = YES_AGGRESSIVE;
				GCC_WARN_UNUSED_FUNCTION = YES;
				GCC_WARN_UNUSED_VARIABLE = YES;
				IPHONEOS_DEPLOYMENT_TARGET = 13.1;
				MTL_ENABLE_DEBUG_INFO = INCLUDE_SOURCE;
				MTL_FAST_MATH = YES;
				ONLY_ACTIVE_ARCH = YES;
				SDKROOT = iphoneos;
				SWIFT_ACTIVE_COMPILATION_CONDITIONS = DEBUG;
				SWIFT_OPTIMIZATION_LEVEL = "-Onone";
			};
			name = Debug;
		};
		202CEDA5237D6CA00084DC7D /* Release */ = {
			isa = XCBuildConfiguration;
			buildSettings = {
				ALWAYS_SEARCH_USER_PATHS = NO;
				CLANG_ANALYZER_NONNULL = YES;
				CLANG_ANALYZER_NUMBER_OBJECT_CONVERSION = YES_AGGRESSIVE;
				CLANG_CXX_LANGUAGE_STANDARD = "gnu++14";
				CLANG_CXX_LIBRARY = "libc++";
				CLANG_ENABLE_MODULES = YES;
				CLANG_ENABLE_OBJC_ARC = YES;
				CLANG_ENABLE_OBJC_WEAK = YES;
				CLANG_WARN_BLOCK_CAPTURE_AUTORELEASING = YES;
				CLANG_WARN_BOOL_CONVERSION = YES;
				CLANG_WARN_COMMA = YES;
				CLANG_WARN_CONSTANT_CONVERSION = YES;
				CLANG_WARN_DEPRECATED_OBJC_IMPLEMENTATIONS = YES;
				CLANG_WARN_DIRECT_OBJC_ISA_USAGE = YES_ERROR;
				CLANG_WARN_DOCUMENTATION_COMMENTS = YES;
				CLANG_WARN_EMPTY_BODY = YES;
				CLANG_WARN_ENUM_CONVERSION = YES;
				CLANG_WARN_INFINITE_RECURSION = YES;
				CLANG_WARN_INT_CONVERSION = YES;
				CLANG_WARN_NON_LITERAL_NULL_CONVERSION = YES;
				CLANG_WARN_OBJC_IMPLICIT_RETAIN_SELF = YES;
				CLANG_WARN_OBJC_LITERAL_CONVERSION = YES;
				CLANG_WARN_OBJC_ROOT_CLASS = YES_ERROR;
				CLANG_WARN_RANGE_LOOP_ANALYSIS = YES;
				CLANG_WARN_STRICT_PROTOTYPES = YES;
				CLANG_WARN_SUSPICIOUS_MOVE = YES;
				CLANG_WARN_UNGUARDED_AVAILABILITY = YES_AGGRESSIVE;
				CLANG_WARN_UNREACHABLE_CODE = YES;
				CLANG_WARN__DUPLICATE_METHOD_MATCH = YES;
				COPY_PHASE_STRIP = NO;
				DEBUG_INFORMATION_FORMAT = "dwarf-with-dsym";
				ENABLE_NS_ASSERTIONS = NO;
				ENABLE_STRICT_OBJC_MSGSEND = YES;
				GCC_C_LANGUAGE_STANDARD = gnu11;
				GCC_NO_COMMON_BLOCKS = YES;
				GCC_WARN_64_TO_32_BIT_CONVERSION = YES;
				GCC_WARN_ABOUT_RETURN_TYPE = YES_ERROR;
				GCC_WARN_UNDECLARED_SELECTOR = YES;
				GCC_WARN_UNINITIALIZED_AUTOS = YES_AGGRESSIVE;
				GCC_WARN_UNUSED_FUNCTION = YES;
				GCC_WARN_UNUSED_VARIABLE = YES;
				IPHONEOS_DEPLOYMENT_TARGET = 13.1;
				MTL_ENABLE_DEBUG_INFO = NO;
				MTL_FAST_MATH = YES;
				SDKROOT = iphoneos;
				SWIFT_COMPILATION_MODE = wholemodule;
				SWIFT_OPTIMIZATION_LEVEL = "-O";
				VALIDATE_PRODUCT = YES;
			};
			name = Release;
		};
		202CEDA7237D6CA00084DC7D /* Debug */ = {
			isa = XCBuildConfiguration;
			baseConfigurationReference = BC46F8AD997640DE873B0B9C /* Pods-ActivityRecognitionDemo.debug.xcconfig */;
			buildSettings = {
				ASSETCATALOG_COMPILER_APPICON_NAME = AppIcon;
				CODE_SIGN_STYLE = Automatic;
				DEVELOPMENT_TEAM = 5E6DK5G4XC;
				INFOPLIST_FILE = ActivityRecognitionDemo/Info.plist;
				LD_RUNPATH_SEARCH_PATHS = (
					"$(inherited)",
					"@executable_path/Frameworks",
				);
				PRODUCT_BUNDLE_IDENTIFIER = sdu.eniel16.ActivityRecognitionDemo;
				PRODUCT_NAME = "$(TARGET_NAME)";
				SWIFT_VERSION = 5.0;
				TARGETED_DEVICE_FAMILY = "1,2";
			};
			name = Debug;
		};
		202CEDA8237D6CA00084DC7D /* Release */ = {
			isa = XCBuildConfiguration;
			baseConfigurationReference = 238B9732E865486240470C4A /* Pods-ActivityRecognitionDemo.release.xcconfig */;
			buildSettings = {
				ASSETCATALOG_COMPILER_APPICON_NAME = AppIcon;
				CODE_SIGN_STYLE = Automatic;
				DEVELOPMENT_TEAM = 5E6DK5G4XC;
				INFOPLIST_FILE = ActivityRecognitionDemo/Info.plist;
				LD_RUNPATH_SEARCH_PATHS = (
					"$(inherited)",
					"@executable_path/Frameworks",
				);
				PRODUCT_BUNDLE_IDENTIFIER = sdu.eniel16.ActivityRecognitionDemo;
				PRODUCT_NAME = "$(TARGET_NAME)";
				SWIFT_VERSION = 5.0;
				TARGETED_DEVICE_FAMILY = "1,2";
			};
			name = Release;
		};
/* End XCBuildConfiguration section */

/* Begin XCConfigurationList section */
		202CED8D237D6C9E0084DC7D /* Build configuration list for PBXProject "ActivityRecognitionDemo" */ = {
			isa = XCConfigurationList;
			buildConfigurations = (
				202CEDA4237D6CA00084DC7D /* Debug */,
				202CEDA5237D6CA00084DC7D /* Release */,
			);
			defaultConfigurationIsVisible = 0;
			defaultConfigurationName = Release;
		};
		202CEDA6237D6CA00084DC7D /* Build configuration list for PBXNativeTarget "ActivityRecognitionDemo" */ = {
			isa = XCConfigurationList;
			buildConfigurations = (
				202CEDA7237D6CA00084DC7D /* Debug */,
				202CEDA8237D6CA00084DC7D /* Release */,
			);
			defaultConfigurationIsVisible = 0;
			defaultConfigurationName = Release;
		};
/* End XCConfigurationList section */
	};
	rootObject = 202CED8A237D6C9E0084DC7D /* Project object */;
}
